
Microsoft Visual Studio Solution File, Format Version 12.00
# Visual Studio 14
VisualStudioVersion = 14.0.25420.1
MinimumVisualStudioVersion = 10.0.40219.1
Project("{FAE04EC0-301F-11D3-BF4B-00C04F79EFBC}") = "test1107_JSON", "test1107_JSON\test1107_JSON.csproj", "{AD7D79E3-819D-431D-9CC3-521A220947C2}"
EndProject
Global
	GlobalSection(SolutionConfigurationPlatforms) = preSolution
		Debug|Any CPU = Debug|Any CPU
		Release|Any CPU = Release|Any CPU
	EndGlobalSection
	GlobalSection(ProjectConfigurationPlatforms) = postSolution
		{AD7D79E3-819D-431D-9CC3-521A220947C2}.Debug|Any CPU.ActiveCfg = Debug|Any CPU
		{AD7D79E3-819D-431D-9CC3-521A220947C2}.Debug|Any CPU.Build.0 = Debug|Any CPU
		{AD7D79E3-819D-431D-9CC3-521A220947C2}.Release|Any CPU.ActiveCfg = Release|Any CPU
		{AD7D79E3-819D-431D-9CC3-521A220947C2}.Release|Any CPU.Build.0 = Release|Any CPU
	EndGlobalSection
	GlobalSection(SolutionProperties) = preSolution
		HideSolutionNode = FALSE
	EndGlobalSection
EndGlobal
